// !$*UTF8*$!
{
	archiveVersion = 1;
	classes = {
	};
	objectVersion = 46;
	objects = {

/* Begin PBXBuildFile section */
		AB68591D170B99E900976BEB /* UIKit.framework in Frameworks */ = {isa = PBXBuildFile; fileRef = AB68591C170B99E900976BEB /* UIKit.framework */; };
		AB68591F170B99E900976BEB /* Foundation.framework in Frameworks */ = {isa = PBXBuildFile; fileRef = AB68591E170B99E900976BEB /* Foundation.framework */; };
		AB685921170B99E900976BEB /* CoreGraphics.framework in Frameworks */ = {isa = PBXBuildFile; fileRef = AB685920170B99E900976BEB /* CoreGraphics.framework */; };
		AB685923170B99E900976BEB /* CoreData.framework in Frameworks */ = {isa = PBXBuildFile; fileRef = AB685922170B99E900976BEB /* CoreData.framework */; };
		AB685929170B99E900976BEB /* InfoPlist.strings in Resources */ = {isa = PBXBuildFile; fileRef = AB685927170B99E900976BEB /* InfoPlist.strings */; };
		AB68592B170B99E900976BEB /* main.m in Sources */ = {isa = PBXBuildFile; fileRef = AB68592A170B99E900976BEB /* main.m */; };
		AB68592F170B99E900976BEB /* NSCAppDelegate.m in Sources */ = {isa = PBXBuildFile; fileRef = AB68592E170B99E900976BEB /* NSCAppDelegate.m */; };
		AB685931170B99E900976BEB /* Default.png in Resources */ = {isa = PBXBuildFile; fileRef = AB685930170B99E900976BEB /* Default.png */; };
		AB685933170B99E900976BEB /* Default@2x.png in Resources */ = {isa = PBXBuildFile; fileRef = AB685932170B99E900976BEB /* Default@2x.png */; };
		AB685935170B99E900976BEB /* Default-568h@2x.png in Resources */ = {isa = PBXBuildFile; fileRef = AB685934170B99E900976BEB /* Default-568h@2x.png */; };
		AB685938170B99E900976BEB /* _Password.xcdatamodeld in Sources */ = {isa = PBXBuildFile; fileRef = AB685936170B99E900976BEB /* _Password.xcdatamodeld */; };
		AB685940170B99E900976BEB /* SenTestingKit.framework in Frameworks */ = {isa = PBXBuildFile; fileRef = AB68593F170B99E900976BEB /* SenTestingKit.framework */; };
		AB685941170B99E900976BEB /* UIKit.framework in Frameworks */ = {isa = PBXBuildFile; fileRef = AB68591C170B99E900976BEB /* UIKit.framework */; };
		AB685942170B99E900976BEB /* Foundation.framework in Frameworks */ = {isa = PBXBuildFile; fileRef = AB68591E170B99E900976BEB /* Foundation.framework */; };
		AB685943170B99E900976BEB /* CoreData.framework in Frameworks */ = {isa = PBXBuildFile; fileRef = AB685922170B99E900976BEB /* CoreData.framework */; };
		AB68594B170B99E900976BEB /* InfoPlist.strings in Resources */ = {isa = PBXBuildFile; fileRef = AB685949170B99E900976BEB /* InfoPlist.strings */; };
		AB68594E170B99E900976BEB /* _PasswordTests.m in Sources */ = {isa = PBXBuildFile; fileRef = AB68594D170B99E900976BEB /* _PasswordTests.m */; };
		AB685958170B9A0D00976BEB /* Storyboard.storyboard in Resources */ = {isa = PBXBuildFile; fileRef = AB685957170B9A0D00976BEB /* Storyboard.storyboard */; };
		AB68595B170B9A5800976BEB /* NSCPasswordDocument.m in Sources */ = {isa = PBXBuildFile; fileRef = AB68595A170B9A5800976BEB /* NSCPasswordDocument.m */; };
		AB68595E170B9CDA00976BEB /* NSCLoginViewController.m in Sources */ = {isa = PBXBuildFile; fileRef = AB68595D170B9CDA00976BEB /* NSCLoginViewController.m */; };
/* End PBXBuildFile section */

/* Begin PBXContainerItemProxy section */
		AB685944170B99E900976BEB /* PBXContainerItemProxy */ = {
			isa = PBXContainerItemProxy;
			containerPortal = AB685911170B99E900976BEB /* Project object */;
			proxyType = 1;
			remoteGlobalIDString = AB685918170B99E900976BEB;
			remoteInfo = 2Password;
		};
/* End PBXContainerItemProxy section */

/* Begin PBXFileReference section */
		AB685919170B99E900976BEB /* 2Password.app */ = {isa = PBXFileReference; explicitFileType = wrapper.application; includeInIndex = 0; path = 2Password.app; sourceTree = BUILT_PRODUCTS_DIR; };
		AB68591C170B99E900976BEB /* UIKit.framework */ = {isa = PBXFileReference; lastKnownFileType = wrapper.framework; name = UIKit.framework; path = System/Library/Frameworks/UIKit.framework; sourceTree = SDKROOT; };
		AB68591E170B99E900976BEB /* Foundation.framework */ = {isa = PBXFileReference; lastKnownFileType = wrapper.framework; name = Foundation.framework; path = System/Library/Frameworks/Foundation.framework; sourceTree = SDKROOT; };
		AB685920170B99E900976BEB /* CoreGraphics.framework */ = {isa = PBXFileReference; lastKnownFileType = wrapper.framework; name = CoreGraphics.framework; path = System/Library/Frameworks/CoreGraphics.framework; sourceTree = SDKROOT; };
		AB685922170B99E900976BEB /* CoreData.framework */ = {isa = PBXFileReference; lastKnownFileType = wrapper.framework; name = CoreData.framework; path = System/Library/Frameworks/CoreData.framework; sourceTree = SDKROOT; };
		AB685926170B99E900976BEB /* 2Password-Info.plist */ = {isa = PBXFileReference; lastKnownFileType = text.plist.xml; path = "2Password-Info.plist"; sourceTree = "<group>"; };
		AB685928170B99E900976BEB /* en */ = {isa = PBXFileReference; lastKnownFileType = text.plist.strings; name = en; path = en.lproj/InfoPlist.strings; sourceTree = "<group>"; };
		AB68592A170B99E900976BEB /* main.m */ = {isa = PBXFileReference; lastKnownFileType = sourcecode.c.objc; path = main.m; sourceTree = "<group>"; };
		AB68592C170B99E900976BEB /* 2Password-Prefix.pch */ = {isa = PBXFileReference; lastKnownFileType = sourcecode.c.h; path = "2Password-Prefix.pch"; sourceTree = "<group>"; };
		AB68592D170B99E900976BEB /* NSCAppDelegate.h */ = {isa = PBXFileReference; lastKnownFileType = sourcecode.c.h; path = NSCAppDelegate.h; sourceTree = "<group>"; };
		AB68592E170B99E900976BEB /* NSCAppDelegate.m */ = {isa = PBXFileReference; lastKnownFileType = sourcecode.c.objc; path = NSCAppDelegate.m; sourceTree = "<group>"; };
		AB685930170B99E900976BEB /* Default.png */ = {isa = PBXFileReference; lastKnownFileType = image.png; path = Default.png; sourceTree = "<group>"; };
		AB685932170B99E900976BEB /* Default@2x.png */ = {isa = PBXFileReference; lastKnownFileType = image.png; path = "Default@2x.png"; sourceTree = "<group>"; };
		AB685934170B99E900976BEB /* Default-568h@2x.png */ = {isa = PBXFileReference; lastKnownFileType = image.png; path = "Default-568h@2x.png"; sourceTree = "<group>"; };
		AB685937170B99E900976BEB /* _Password.xcdatamodel */ = {isa = PBXFileReference; lastKnownFileType = wrapper.xcdatamodel; path = _Password.xcdatamodel; sourceTree = "<group>"; };
		AB68593E170B99E900976BEB /* 2PasswordTests.octest */ = {isa = PBXFileReference; explicitFileType = wrapper.cfbundle; includeInIndex = 0; path = 2PasswordTests.octest; sourceTree = BUILT_PRODUCTS_DIR; };
		AB68593F170B99E900976BEB /* SenTestingKit.framework */ = {isa = PBXFileReference; lastKnownFileType = wrapper.framework; name = SenTestingKit.framework; path = Library/Frameworks/SenTestingKit.framework; sourceTree = DEVELOPER_DIR; };
		AB685948170B99E900976BEB /* 2PasswordTests-Info.plist */ = {isa = PBXFileReference; lastKnownFileType = text.plist.xml; path = "2PasswordTests-Info.plist"; sourceTree = "<group>"; };
		AB68594A170B99E900976BEB /* en */ = {isa = PBXFileReference; lastKnownFileType = text.plist.strings; name = en; path = en.lproj/InfoPlist.strings; sourceTree = "<group>"; };
		AB68594C170B99E900976BEB /* _PasswordTests.h */ = {isa = PBXFileReference; lastKnownFileType = sourcecode.c.h; path = _PasswordTests.h; sourceTree = "<group>"; };
		AB68594D170B99E900976BEB /* _PasswordTests.m */ = {isa = PBXFileReference; lastKnownFileType = sourcecode.c.objc; path = _PasswordTests.m; sourceTree = "<group>"; };
		AB685957170B9A0D00976BEB /* Storyboard.storyboard */ = {isa = PBXFileReference; fileEncoding = 4; lastKnownFileType = file.storyboard; path = Storyboard.storyboard; sourceTree = "<group>"; };
		AB685959170B9A5800976BEB /* NSCPasswordDocument.h */ = {isa = PBXFileReference; fileEncoding = 4; lastKnownFileType = sourcecode.c.h; path = NSCPasswordDocument.h; sourceTree = "<group>"; };
		AB68595A170B9A5800976BEB /* NSCPasswordDocument.m */ = {isa = PBXFileReference; fileEncoding = 4; lastKnownFileType = sourcecode.c.objc; path = NSCPasswordDocument.m; sourceTree = "<group>"; };
		AB68595C170B9CDA00976BEB /* NSCLoginViewController.h */ = {isa = PBXFileReference; fileEncoding = 4; lastKnownFileType = sourcecode.c.h; path = NSCLoginViewController.h; sourceTree = "<group>"; };
		AB68595D170B9CDA00976BEB /* NSCLoginViewController.m */ = {isa = PBXFileReference; fileEncoding = 4; lastKnownFileType = sourcecode.c.objc; path = NSCLoginViewController.m; sourceTree = "<group>"; };
/* End PBXFileReference section */

/* Begin PBXFrameworksBuildPhase section */
		AB685916170B99E900976BEB /* Frameworks */ = {
			isa = PBXFrameworksBuildPhase;
			buildActionMask = 2147483647;
			files = (
				AB68591D170B99E900976BEB /* UIKit.framework in Frameworks */,
				AB68591F170B99E900976BEB /* Foundation.framework in Frameworks */,
				AB685921170B99E900976BEB /* CoreGraphics.framework in Frameworks */,
				AB685923170B99E900976BEB /* CoreData.framework in Frameworks */,
			);
			runOnlyForDeploymentPostprocessing = 0;
		};
		AB68593A170B99E900976BEB /* Frameworks */ = {
			isa = PBXFrameworksBuildPhase;
			buildActionMask = 2147483647;
			files = (
				AB685940170B99E900976BEB /* SenTestingKit.framework in Frameworks */,
				AB685941170B99E900976BEB /* UIKit.framework in Frameworks */,
				AB685942170B99E900976BEB /* Foundation.framework in Frameworks */,
				AB685943170B99E900976BEB /* CoreData.framework in Frameworks */,
			);
			runOnlyForDeploymentPostprocessing = 0;
		};
/* End PBXFrameworksBuildPhase section */

/* Begin PBXGroup section */
		AB685910170B99E900976BEB = {
			isa = PBXGroup;
			children = (
				AB685924170B99E900976BEB /* 2Password */,
				AB685946170B99E900976BEB /* 2PasswordTests */,
				AB68591B170B99E900976BEB /* Frameworks */,
				AB68591A170B99E900976BEB /* Products */,
			);
			sourceTree = "<group>";
		};
		AB68591A170B99E900976BEB /* Products */ = {
			isa = PBXGroup;
			children = (
				AB685919170B99E900976BEB /* 2Password.app */,
				AB68593E170B99E900976BEB /* 2PasswordTests.octest */,
			);
			name = Products;
			sourceTree = "<group>";
		};
		AB68591B170B99E900976BEB /* Frameworks */ = {
			isa = PBXGroup;
			children = (
				AB68591C170B99E900976BEB /* UIKit.framework */,
				AB68591E170B99E900976BEB /* Foundation.framework */,
				AB685920170B99E900976BEB /* CoreGraphics.framework */,
				AB685922170B99E900976BEB /* CoreData.framework */,
				AB68593F170B99E900976BEB /* SenTestingKit.framework */,
			);
			name = Frameworks;
			sourceTree = "<group>";
		};
		AB685924170B99E900976BEB /* 2Password */ = {
			isa = PBXGroup;
			children = (
				AB68592D170B99E900976BEB /* NSCAppDelegate.h */,
				AB68592E170B99E900976BEB /* NSCAppDelegate.m */,
				AB685959170B9A5800976BEB /* NSCPasswordDocument.h */,
				AB68595A170B9A5800976BEB /* NSCPasswordDocument.m */,
				AB685957170B9A0D00976BEB /* Storyboard.storyboard */,
				AB68595C170B9CDA00976BEB /* NSCLoginViewController.h */,
				AB68595D170B9CDA00976BEB /* NSCLoginViewController.m */,
				AB685936170B99E900976BEB /* _Password.xcdatamodeld */,
				AB685925170B99E900976BEB /* Supporting Files */,
			);
			path = 2Password;
			sourceTree = "<group>";
		};
		AB685925170B99E900976BEB /* Supporting Files */ = {
			isa = PBXGroup;
			children = (
				AB685926170B99E900976BEB /* 2Password-Info.plist */,
				AB685927170B99E900976BEB /* InfoPlist.strings */,
				AB68592A170B99E900976BEB /* main.m */,
				AB68592C170B99E900976BEB /* 2Password-Prefix.pch */,
				AB685930170B99E900976BEB /* Default.png */,
				AB685932170B99E900976BEB /* Default@2x.png */,
				AB685934170B99E900976BEB /* Default-568h@2x.png */,
			);
			name = "Supporting Files";
			sourceTree = "<group>";
		};
		AB685946170B99E900976BEB /* 2PasswordTests */ = {
			isa = PBXGroup;
			children = (
				AB68594C170B99E900976BEB /* _PasswordTests.h */,
				AB68594D170B99E900976BEB /* _PasswordTests.m */,
				AB685947170B99E900976BEB /* Supporting Files */,
			);
			path = 2PasswordTests;
			sourceTree = "<group>";
		};
		AB685947170B99E900976BEB /* Supporting Files */ = {
			isa = PBXGroup;
			children = (
				AB685948170B99E900976BEB /* 2PasswordTests-Info.plist */,
				AB685949170B99E900976BEB /* InfoPlist.strings */,
			);
			name = "Supporting Files";
			sourceTree = "<group>";
		};
/* End PBXGroup section */

/* Begin PBXNativeTarget section */
		AB685918170B99E900976BEB /* 2Password */ = {
			isa = PBXNativeTarget;
			buildConfigurationList = AB685951170B99E900976BEB /* Build configuration list for PBXNativeTarget "2Password" */;
			buildPhases = (
				AB685915170B99E900976BEB /* Sources */,
				AB685916170B99E900976BEB /* Frameworks */,
				AB685917170B99E900976BEB /* Resources */,
			);
			buildRules = (
			);
			dependencies = (
			);
			name = 2Password;
			productName = 2Password;
			productReference = AB685919170B99E900976BEB /* 2Password.app */;
			productType = "com.apple.product-type.application";
		};
		AB68593D170B99E900976BEB /* 2PasswordTests */ = {
			isa = PBXNativeTarget;
			buildConfigurationList = AB685954170B99E900976BEB /* Build configuration list for PBXNativeTarget "2PasswordTests" */;
			buildPhases = (
				AB685939170B99E900976BEB /* Sources */,
				AB68593A170B99E900976BEB /* Frameworks */,
				AB68593B170B99E900976BEB /* Resources */,
				AB68593C170B99E900976BEB /* ShellScript */,
			);
			buildRules = (
			);
			dependencies = (
				AB685945170B99E900976BEB /* PBXTargetDependency */,
			);
			name = 2PasswordTests;
			productName = 2PasswordTests;
			productReference = AB68593E170B99E900976BEB /* 2PasswordTests.octest */;
			productType = "com.apple.product-type.bundle";
		};
/* End PBXNativeTarget section */

/* Begin PBXProject section */
		AB685911170B99E900976BEB /* Project object */ = {
			isa = PBXProject;
			attributes = {
				CLASSPREFIX = NSC;
				LastUpgradeCheck = 0460;
				ORGANIZATIONNAME = "NSCoder Cleveland";
			};
			buildConfigurationList = AB685914170B99E900976BEB /* Build configuration list for PBXProject "2Password" */;
			compatibilityVersion = "Xcode 3.2";
			developmentRegion = English;
			hasScannedForEncodings = 0;
			knownRegions = (
				en,
			);
			mainGroup = AB685910170B99E900976BEB;
			productRefGroup = AB68591A170B99E900976BEB /* Products */;
			projectDirPath = "";
			projectRoot = "";
			targets = (
				AB685918170B99E900976BEB /* 2Password */,
				AB68593D170B99E900976BEB /* 2PasswordTests */,
			);
		};
/* End PBXProject section */

/* Begin PBXResourcesBuildPhase section */
		AB685917170B99E900976BEB /* Resources */ = {
			isa = PBXResourcesBuildPhase;
			buildActionMask = 2147483647;
			files = (
				AB685929170B99E900976BEB /* InfoPlist.strings in Resources */,
				AB685931170B99E900976BEB /* Default.png in Resources */,
				AB685933170B99E900976BEB /* Default@2x.png in Resources */,
				AB685935170B99E900976BEB /* Default-568h@2x.png in Resources */,
				AB685958170B9A0D00976BEB /* Storyboard.storyboard in Resources */,
			);
			runOnlyForDeploymentPostprocessing = 0;
		};
		AB68593B170B99E900976BEB /* Resources */ = {
			isa = PBXResourcesBuildPhase;
			buildActionMask = 2147483647;
			files = (
				AB68594B170B99E900976BEB /* InfoPlist.strings in Resources */,
			);
			runOnlyForDeploymentPostprocessing = 0;
		};
/* End PBXResourcesBuildPhase section */

/* Begin PBXShellScriptBuildPhase section */
		AB68593C170B99E900976BEB /* ShellScript */ = {
			isa = PBXShellScriptBuildPhase;
			buildActionMask = 2147483647;
			files = (
			);
			inputPaths = (
			);
			outputPaths = (
			);
			runOnlyForDeploymentPostprocessing = 0;
			shellPath = /bin/sh;
			shellScript = "# Run the unit tests in this test bundle.\n\"${SYSTEM_DEVELOPER_DIR}/Tools/RunUnitTests\"\n";
		};
/* End PBXShellScriptBuildPhase section */

/* Begin PBXSourcesBuildPhase section */
		AB685915170B99E900976BEB /* Sources */ = {
			isa = PBXSourcesBuildPhase;
			buildActionMask = 2147483647;
			files = (
				AB68592B170B99E900976BEB /* main.m in Sources */,
				AB68592F170B99E900976BEB /* NSCAppDelegate.m in Sources */,
				AB685938170B99E900976BEB /* _Password.xcdatamodeld in Sources */,
				AB68595B170B9A5800976BEB /* NSCPasswordDocument.m in Sources */,
				AB68595E170B9CDA00976BEB /* NSCLoginViewController.m in Sources */,
			);
			runOnlyForDeploymentPostprocessing = 0;
		};
		AB685939170B99E900976BEB /* Sources */ = {
			isa = PBXSourcesBuildPhase;
			buildActionMask = 2147483647;
			files = (
				AB68594E170B99E900976BEB /* _PasswordTests.m in Sources */,
			);
			runOnlyForDeploymentPostprocessing = 0;
		};
/* End PBXSourcesBuildPhase section */

/* Begin PBXTargetDependency section */
		AB685945170B99E900976BEB /* PBXTargetDependency */ = {
			isa = PBXTargetDependency;
			target = AB685918170B99E900976BEB /* 2Password */;
			targetProxy = AB685944170B99E900976BEB /* PBXContainerItemProxy */;
		};
/* End PBXTargetDependency section */

/* Begin PBXVariantGroup section */
		AB685927170B99E900976BEB /* InfoPlist.strings */ = {
			isa = PBXVariantGroup;
			children = (
				AB685928170B99E900976BEB /* en */,
			);
			name = InfoPlist.strings;
			sourceTree = "<group>";
		};
		AB685949170B99E900976BEB /* InfoPlist.strings */ = {
			isa = PBXVariantGroup;
			children = (
				AB68594A170B99E900976BEB /* en */,
			);
			name = InfoPlist.strings;
			sourceTree = "<group>";
		};
/* End PBXVariantGroup section */

/* Begin XCBuildConfiguration section */
		AB68594F170B99E900976BEB /* Debug */ = {
			isa = XCBuildConfiguration;
			buildSettings = {
				ALWAYS_SEARCH_USER_PATHS = NO;
				CLANG_CXX_LANGUAGE_STANDARD = "gnu++0x";
				CLANG_CXX_LIBRARY = "libc++";
				CLANG_ENABLE_OBJC_ARC = YES;
				CLANG_WARN_CONSTANT_CONVERSION = YES;
				CLANG_WARN_EMPTY_BODY = YES;
				CLANG_WARN_ENUM_CONVERSION = YES;
				CLANG_WARN_INT_CONVERSION = YES;
				CLANG_WARN__DUPLICATE_METHOD_MATCH = YES;
				"CODE_SIGN_IDENTITY[sdk=iphoneos*]" = "iPhone Developer";
				COPY_PHASE_STRIP = NO;
				GCC_C_LANGUAGE_STANDARD = gnu99;
				GCC_DYNAMIC_NO_PIC = NO;
				GCC_OPTIMIZATION_LEVEL = 0;
				GCC_PREPROCESSOR_DEFINITIONS = (
					"DEBUG=1",
					"$(inherited)",
				);
				GCC_SYMBOLS_PRIVATE_EXTERN = NO;
				GCC_WARN_ABOUT_RETURN_TYPE = YES;
				GCC_WARN_UNINITIALIZED_AUTOS = YES;
				GCC_WARN_UNUSED_VARIABLE = YES;
				IPHONEOS_DEPLOYMENT_TARGET = 6.1;
				ONLY_ACTIVE_ARCH = YES;
				SDKROOT = iphoneos;
			};
			name = Debug;
		};
		AB685950170B99E900976BEB /* Release */ = {
			isa = XCBuildConfiguration;
			buildSettings = {
				ALWAYS_SEARCH_USER_PATHS = NO;
				CLANG_CXX_LANGUAGE_STANDARD = "gnu++0x";
				CLANG_CXX_LIBRARY = "libc++";
				CLANG_ENABLE_OBJC_ARC = YES;
				CLANG_WARN_CONSTANT_CONVERSION = YES;
				CLANG_WARN_EMPTY_BODY = YES;
				CLANG_WARN_ENUM_CONVERSION = YES;
				CLANG_WARN_INT_CONVERSION = YES;
				CLANG_WARN__DUPLICATE_METHOD_MATCH = YES;
				"CODE_SIGN_IDENTITY[sdk=iphoneos*]" = "iPhone Developer";
				COPY_PHASE_STRIP = YES;
				GCC_C_LANGUAGE_STANDARD = gnu99;
				GCC_WARN_ABOUT_RETURN_TYPE = YES;
				GCC_WARN_UNINITIALIZED_AUTOS = YES;
				GCC_WARN_UNUSED_VARIABLE = YES;
				IPHONEOS_DEPLOYMENT_TARGET = 6.1;
				OTHER_CFLAGS = "-DNS_BLOCK_ASSERTIONS=1";
				SDKROOT = iphoneos;
				VALIDATE_PRODUCT = YES;
			};
			name = Release;
		};
		AB685952170B99E900976BEB /* Debug */ = {
			isa = XCBuildConfiguration;
			buildSettings = {
				GCC_PRECOMPILE_PREFIX_HEADER = YES;
				GCC_PREFIX_HEADER = "2Password/2Password-Prefix.pch";
				INFOPLIST_FILE = "2Password/2Password-Info.plist";
				PRODUCT_NAME = "$(TARGET_NAME)";
				WRAPPER_EXTENSION = app;
			};
			name = Debug;
		};
		AB685953170B99E900976BEB /* Release */ = {
			isa = XCBuildConfiguration;
			buildSettings = {
				GCC_PRECOMPILE_PREFIX_HEADER = YES;
				GCC_PREFIX_HEADER = "2Password/2Password-Prefix.pch";
				INFOPLIST_FILE = "2Password/2Password-Info.plist";
				PRODUCT_NAME = "$(TARGET_NAME)";
				WRAPPER_EXTENSION = app;
			};
			name = Release;
		};
		AB685955170B99E900976BEB /* Debug */ = {
			isa = XCBuildConfiguration;
			buildSettings = {
				BUNDLE_LOADER = "$(BUILT_PRODUCTS_DIR)/2Password.app/2Password";
				FRAMEWORK_SEARCH_PATHS = (
					"\"$(SDKROOT)/Developer/Library/Frameworks\"",
					"\"$(DEVELOPER_LIBRARY_DIR)/Frameworks\"",
				);
				GCC_PRECOMPILE_PREFIX_HEADER = YES;
				GCC_PREFIX_HEADER = "2Password/2Password-Prefix.pch";
				INFOPLIST_FILE = "2PasswordTests/2PasswordTests-Info.plist";
				PRODUCT_NAME = "$(TARGET_NAME)";
				TEST_HOST = "$(BUNDLE_LOADER)";
				WRAPPER_EXTENSION = octest;
			};
			name = Debug;
		};
		AB685956170B99E900976BEB /* Release */ = {
			isa = XCBuildConfiguration;
			buildSettings = {
				BUNDLE_LOADER = "$(BUILT_PRODUCTS_DIR)/2Password.app/2Password";
				FRAMEWORK_SEARCH_PATHS = (
					"\"$(SDKROOT)/Developer/Library/Frameworks\"",
					"\"$(DEVELOPER_LIBRARY_DIR)/Frameworks\"",
				);
				GCC_PRECOMPILE_PREFIX_HEADER = YES;
				GCC_PREFIX_HEADER = "2Password/2Password-Prefix.pch";
				INFOPLIST_FILE = "2PasswordTests/2PasswordTests-Info.plist";
				PRODUCT_NAME = "$(TARGET_NAME)";
				TEST_HOST = "$(BUNDLE_LOADER)";
				WRAPPER_EXTENSION = octest;
			};
			name = Release;
		};
/* End XCBuildConfiguration section */

/* Begin XCConfigurationList section */
		AB685914170B99E900976BEB /* Build configuration list for PBXProject "2Password" */ = {
			isa = XCConfigurationList;
			buildConfigurations = (
				AB68594F170B99E900976BEB /* Debug */,
				AB685950170B99E900976BEB /* Release */,
			);
			defaultConfigurationIsVisible = 0;
			defaultConfigurationName = Release;
		};
		AB685951170B99E900976BEB /* Build configuration list for PBXNativeTarget "2Password" */ = {
			isa = XCConfigurationList;
			buildConfigurations = (
				AB685952170B99E900976BEB /* Debug */,
				AB685953170B99E900976BEB /* Release */,
			);
			defaultConfigurationIsVisible = 0;
		};
		AB685954170B99E900976BEB /* Build configuration list for PBXNativeTarget "2PasswordTests" */ = {
			isa = XCConfigurationList;
			buildConfigurations = (
				AB685955170B99E900976BEB /* Debug */,
				AB685956170B99E900976BEB /* Release */,
			);
			defaultConfigurationIsVisible = 0;
		};
/* End XCConfigurationList section */

/* Begin XCVersionGroup section */
		AB685936170B99E900976BEB /* _Password.xcdatamodeld */ = {
			isa = XCVersionGroup;
			children = (
				AB685937170B99E900976BEB /* _Password.xcdatamodel */,
			);
			currentVersion = AB685937170B99E900976BEB /* _Password.xcdatamodel */;
			path = _Password.xcdatamodeld;
			sourceTree = "<group>";
			versionGroupType = wrapper.xcdatamodel;
		};
/* End XCVersionGroup section */
	};
	rootObject = AB685911170B99E900976BEB /* Project object */;
}
